
Microsoft Visual Studio Solution File, Format Version 12.00
# Visual Studio Version 17
VisualStudioVersion = 17.7.34031.279
MinimumVisualStudioVersion = 10.0.40219.1
Project("{FAE04EC0-301F-11D3-BF4B-00C04F79EFBC}") = "DataSwitchCSV", "DataSwitchCSV\DataSwitchCSV.csproj", "{7F3C50AB-AB11-4B4A-B368-C09B236D967C}"
EndProject
Global
	GlobalSection(SolutionConfigurationPlatforms) = preSolution
		Debug|Any CPU = Debug|Any CPU
		Release|Any CPU = Release|Any CPU
	EndGlobalSection
	GlobalSection(ProjectConfigurationPlatforms) = postSolution
		{7F3C50AB-AB11-4B4A-B368-C09B236D967C}.Debug|Any CPU.ActiveCfg = Debug|Any CPU
		{7F3C50AB-AB11-4B4A-B368-C09B236D967C}.Debug|Any CPU.Build.0 = Debug|Any CPU
		{7F3C50AB-AB11-4B4A-B368-C09B236D967C}.Release|Any CPU.ActiveCfg = Release|Any CPU
		{7F3C50AB-AB11-4B4A-B368-C09B236D967C}.Release|Any CPU.Build.0 = Release|Any CPU
	EndGlobalSection
	GlobalSection(SolutionProperties) = preSolution
		HideSolutionNode = FALSE
	EndGlobalSection
	GlobalSection(ExtensibilityGlobals) = postSolution
		SolutionGuid = {15801989-1C5B-405F-9994-FABC41D36115}
	EndGlobalSection
EndGlobal
